# yaml-language-server: $schema=https://raw.githubusercontent.com/espanso/espanso/dev/schemas/match.schema.json
#───────────────────────────────────────────────────────────────────────────────

matches:
  # `,,lang,,` will create a code block of the respective language and prefill
  # it with the clipboard content, e.g. `,,js,,`
  - regex: ",,(?P<lang>\\w*),,"
    replace: |-
      ```{{lang}}
      {{dedentedCode}}
      ```
    force_mode: clipboard # to avoid `enter` keystrokes when pasting into chats / AIs
    label: Markdown Codeblock
    vars:
      - name: dedentedCode
        type: shell
        params:
          cmd: |
            export LC_CTYPE="en_US.UTF-8" # fix encoding issues
            pbpaste |
              awk "NF {p=1} p" | # remove trailing blank lines
              python3 -c "import textwrap,sys; print(textwrap.dedent(sys.stdin.read()))" # dedent
